# THIS IS AN AUTOGENERATED FILE. DO NOT EDIT THIS FILE DIRECTLY.
# yarn lockfile v1


input-validators-js@^1.0.7:
  version "1.0.7"
  resolved "https://registry.yarnpkg.com/input-validators-js/-/input-validators-js-1.0.7.tgz#7a92a1dad3fb4cf575ff76481550a8c8c9516cf5"
  integrity sha512-0sLgqmQxqwaX53gBP3LspfSV6Pe8eeLKwTwx8tv1I/nRDhqfoluL8i0yHmSrMMNzSLk/XXxt0T59rYDlYcsvYA==
